
Microsoft Visual Studio Solution File, Format Version 12.00
# Visual Studio 15
VisualStudioVersion = 15.0.28307.271
MinimumVisualStudioVersion = 10.0.40219.1
Project("{FAE04EC0-301F-11D3-BF4B-00C04F79EFBC}") = "RomanApi", "RomanApi\RomanApi.csproj", "{EE354864-7BDE-43EA-9900-69AF146F08F8}"
EndProject
Global
	GlobalSection(SolutionConfigurationPlatforms) = preSolution
		Debug|Any CPU = Debug|Any CPU
		Release|Any CPU = Release|Any CPU
	EndGlobalSection
	GlobalSection(ProjectConfigurationPlatforms) = postSolution
		{EE354864-7BDE-43EA-9900-69AF146F08F8}.Debug|Any CPU.ActiveCfg = Debug|Any CPU
		{EE354864-7BDE-43EA-9900-69AF146F08F8}.Debug|Any CPU.Build.0 = Debug|Any CPU
		{EE354864-7BDE-43EA-9900-69AF146F08F8}.Release|Any CPU.ActiveCfg = Release|Any CPU
		{EE354864-7BDE-43EA-9900-69AF146F08F8}.Release|Any CPU.Build.0 = Release|Any CPU
	EndGlobalSection
	GlobalSection(SolutionProperties) = preSolution
		HideSolutionNode = FALSE
	EndGlobalSection
	GlobalSection(ExtensibilityGlobals) = postSolution
		SolutionGuid = {704D51A1-D00A-4A3C-8615-6D111FEEE274}
	EndGlobalSection
EndGlobal
